
Microsoft Visual Studio Solution File, Format Version 12.00
# Visual Studio Version 17
VisualStudioVersion = 17.14.36221.1 d17.14
MinimumVisualStudioVersion = 10.0.40219.1
Project("{FAE04EC0-301F-11D3-BF4B-00C04F79EFBC}") = "Capa_Datos", "practicaproveedoress\Capa_Datos.csproj", "{06D90DDC-2D66-4DF5-AFDE-092204EDA9BA}"
EndProject
Project("{FAE04EC0-301F-11D3-BF4B-00C04F79EFBC}") = "Capa_Negocios", "Capa_Negocios\Capa_Negocios.csproj", "{62694A87-EEFA-4CD6-9BA5-62711220B9C6}"
EndProject
Project("{FAE04EC0-301F-11D3-BF4B-00C04F79EFBC}") = "Capa_Presentacion", "Capa_Presentacion\Capa_Presentacion.csproj", "{11FE152F-05BC-4A0B-9261-8F76E90703FF}"
EndProject
Global
	GlobalSection(SolutionConfigurationPlatforms) = preSolution
		Debug|Any CPU = Debug|Any CPU
		Release|Any CPU = Release|Any CPU
	EndGlobalSection
	GlobalSection(ProjectConfigurationPlatforms) = postSolution
		{06D90DDC-2D66-4DF5-AFDE-092204EDA9BA}.Debug|Any CPU.ActiveCfg = Debug|Any CPU
		{06D90DDC-2D66-4DF5-AFDE-092204EDA9BA}.Debug|Any CPU.Build.0 = Debug|Any CPU
		{06D90DDC-2D66-4DF5-AFDE-092204EDA9BA}.Release|Any CPU.ActiveCfg = Release|Any CPU
		{06D90DDC-2D66-4DF5-AFDE-092204EDA9BA}.Release|Any CPU.Build.0 = Release|Any CPU
		{62694A87-EEFA-4CD6-9BA5-62711220B9C6}.Debug|Any CPU.ActiveCfg = Debug|Any CPU
		{62694A87-EEFA-4CD6-9BA5-62711220B9C6}.Debug|Any CPU.Build.0 = Debug|Any CPU
		{62694A87-EEFA-4CD6-9BA5-62711220B9C6}.Release|Any CPU.ActiveCfg = Release|Any CPU
		{62694A87-EEFA-4CD6-9BA5-62711220B9C6}.Release|Any CPU.Build.0 = Release|Any CPU
		{11FE152F-05BC-4A0B-9261-8F76E90703FF}.Debug|Any CPU.ActiveCfg = Debug|Any CPU
		{11FE152F-05BC-4A0B-9261-8F76E90703FF}.Debug|Any CPU.Build.0 = Debug|Any CPU
		{11FE152F-05BC-4A0B-9261-8F76E90703FF}.Release|Any CPU.ActiveCfg = Release|Any CPU
		{11FE152F-05BC-4A0B-9261-8F76E90703FF}.Release|Any CPU.Build.0 = Release|Any CPU
	EndGlobalSection
	GlobalSection(SolutionProperties) = preSolution
		HideSolutionNode = FALSE
	EndGlobalSection
	GlobalSection(ExtensibilityGlobals) = postSolution
		SolutionGuid = {443C6867-8147-4CC5-85DB-20242CFDAAEB}
	EndGlobalSection
EndGlobal
